
Microsoft Visual Studio Solution File, Format Version 12.00
# Visual Studio 2012
Project("{FAE04EC0-301F-11D3-BF4B-00C04F79EFBC}") = "EveMvc", "EveMvc\EveMvc.csproj", "{AE751C38-5B3A-4DCA-8247-5C1BFBC981B6}"
EndProject
Project("{FAE04EC0-301F-11D3-BF4B-00C04F79EFBC}") = "EveMvc.Tests", "EveMvc.Tests\EveMvc.Tests.csproj", "{715CF345-B0C8-44B2-B1A7-99D07C084AE4}"
EndProject
Global
	GlobalSection(SolutionConfigurationPlatforms) = preSolution
		Debug|Any CPU = Debug|Any CPU
		Release|Any CPU = Release|Any CPU
	EndGlobalSection
	GlobalSection(ProjectConfigurationPlatforms) = postSolution
		{AE751C38-5B3A-4DCA-8247-5C1BFBC981B6}.Debug|Any CPU.ActiveCfg = Debug|Any CPU
		{AE751C38-5B3A-4DCA-8247-5C1BFBC981B6}.Debug|Any CPU.Build.0 = Debug|Any CPU
		{AE751C38-5B3A-4DCA-8247-5C1BFBC981B6}.Release|Any CPU.ActiveCfg = Release|Any CPU
		{AE751C38-5B3A-4DCA-8247-5C1BFBC981B6}.Release|Any CPU.Build.0 = Release|Any CPU
		{715CF345-B0C8-44B2-B1A7-99D07C084AE4}.Debug|Any CPU.ActiveCfg = Debug|Any CPU
		{715CF345-B0C8-44B2-B1A7-99D07C084AE4}.Debug|Any CPU.Build.0 = Debug|Any CPU
		{715CF345-B0C8-44B2-B1A7-99D07C084AE4}.Release|Any CPU.ActiveCfg = Release|Any CPU
		{715CF345-B0C8-44B2-B1A7-99D07C084AE4}.Release|Any CPU.Build.0 = Release|Any CPU
	EndGlobalSection
	GlobalSection(SolutionProperties) = preSolution
		HideSolutionNode = FALSE
	EndGlobalSection
EndGlobal
